
Microsoft Visual Studio Solution File, Format Version 12.00
# Visual Studio Version 17
VisualStudioVersion = 17.7.34221.43
MinimumVisualStudioVersion = 10.0.40219.1
Project("{FAE04EC0-301F-11D3-BF4B-00C04F79EFBC}") = "MikroBarkod", "MikroBarkod\MikroBarkod.csproj", "{9BACCF2B-55C4-404E-A880-41E2B42E9C20}"
EndProject
Global
	GlobalSection(SolutionConfigurationPlatforms) = preSolution
		Debug|Any CPU = Debug|Any CPU
		Release|Any CPU = Release|Any CPU
	EndGlobalSection
	GlobalSection(ProjectConfigurationPlatforms) = postSolution
		{9BACCF2B-55C4-404E-A880-41E2B42E9C20}.Debug|Any CPU.ActiveCfg = Debug|Any CPU
		{9BACCF2B-55C4-404E-A880-41E2B42E9C20}.Debug|Any CPU.Build.0 = Debug|Any CPU
		{9BACCF2B-55C4-404E-A880-41E2B42E9C20}.Release|Any CPU.ActiveCfg = Release|Any CPU
		{9BACCF2B-55C4-404E-A880-41E2B42E9C20}.Release|Any CPU.Build.0 = Release|Any CPU
	EndGlobalSection
	GlobalSection(SolutionProperties) = preSolution
		HideSolutionNode = FALSE
	EndGlobalSection
	GlobalSection(ExtensibilityGlobals) = postSolution
		SolutionGuid = {1D58482E-E41D-42EC-9682-EE13EB43F83B}
	EndGlobalSection
EndGlobal
